
Microsoft Visual Studio Solution File, Format Version 12.00
# Visual Studio 15
Project("{FAE04EC0-301F-11D3-BF4B-00C04F79EFBC}") = "Idea_Verify_Lab", "Idea_Verify_Lab.csproj", "{6D05791E-3A23-82DA-F6EC-E104F1262E85}"
EndProject
Project("{FAE04EC0-301F-11D3-BF4B-00C04F79EFBC}") = "Idea_Verify_Lab.Editor", "Idea_Verify_Lab.Editor.csproj", "{0309ED42-57CB-D746-7A8A-44E3FF3AE289}"
EndProject
Global
	GlobalSection(SolutionConfigurationPlatforms) = preSolution
		Debug|Any CPU = Debug|Any CPU
		Release|Any CPU = Release|Any CPU
	EndGlobalSection
	GlobalSection(ProjectConfigurationPlatforms) = postSolution
		{6D05791E-3A23-82DA-F6EC-E104F1262E85}.Debug|Any CPU.ActiveCfg = Debug|Any CPU
		{6D05791E-3A23-82DA-F6EC-E104F1262E85}.Debug|Any CPU.Build.0 = Debug|Any CPU
		{6D05791E-3A23-82DA-F6EC-E104F1262E85}.Release|Any CPU.ActiveCfg = Release|Any CPU
		{6D05791E-3A23-82DA-F6EC-E104F1262E85}.Release|Any CPU.Build.0 = Release|Any CPU
		{0309ED42-57CB-D746-7A8A-44E3FF3AE289}.Debug|Any CPU.ActiveCfg = Debug|Any CPU
		{0309ED42-57CB-D746-7A8A-44E3FF3AE289}.Debug|Any CPU.Build.0 = Debug|Any CPU
		{0309ED42-57CB-D746-7A8A-44E3FF3AE289}.Release|Any CPU.ActiveCfg = Release|Any CPU
		{0309ED42-57CB-D746-7A8A-44E3FF3AE289}.Release|Any CPU.Build.0 = Release|Any CPU
	EndGlobalSection
	GlobalSection(SolutionProperties) = preSolution
		HideSolutionNode = FALSE
	EndGlobalSection
EndGlobal
